
Microsoft Visual Studio Solution File, Format Version 12.00
# Visual Studio 15
VisualStudioVersion = 15.0.28307.329
MinimumVisualStudioVersion = 10.0.40219.1
Project("{9A19103F-16F7-4668-BE54-9A1E7A4F7556}") = "ESFA.DC.ILR.ReferenceDataService.Model", "ESFA.DC.ILR.ReferenceDataService.Model\ESFA.DC.ILR.ReferenceDataService.Model.csproj", "{B4E84ADC-C04F-4EF8-98A2-5ADDBF1FEEF1}"
EndProject
Project("{9A19103F-16F7-4668-BE54-9A1E7A4F7556}") = "ESFA.DC.ILR.ReferenceDataService.Data.Population", "ESFA.DC.ILR.ReferenceDataService.Data.Population\ESFA.DC.ILR.ReferenceDataService.Data.Population.csproj", "{FD34401D-E3BB-4954-B4AE-CAF41EE82882}"
EndProject
Project("{9A19103F-16F7-4668-BE54-9A1E7A4F7556}") = "ESFA.DC.ILR.ReferenceDataService.Modules", "ESFA.DC.ILR.ReferenceDataService.Modules\ESFA.DC.ILR.ReferenceDataService.Modules.csproj", "{19CAC6C4-4FA1-4ACA-AFD0-9668339AA5FE}"
EndProject
Project("{FAE04EC0-301F-11D3-BF4B-00C04F79EFBC}") = "ESFA.DC.ILR.ReferenceDataService.Data.Population.Tests", "ESFA.DC.ILR.ReferenceDataService.Data.Population.Tests\ESFA.DC.ILR.ReferenceDataService.Data.Population.Tests.csproj", "{48FD3F5C-A492-405B-A5BE-6FFC236A0EF0}"
EndProject
Project("{9A19103F-16F7-4668-BE54-9A1E7A4F7556}") = "ESFA.DC.ILR.ReferenceDataService.Interfaces", "ESFA.DC.ILR.ReferenceDataService.Interfaces\ESFA.DC.ILR.ReferenceDataService.Interfaces.csproj", "{6991FF63-4C2C-41E1-9909-53CF6BE74CE1}"
EndProject
Project("{A07B5EB6-E848-4116-A8D0-A826331D98C6}") = "ESFA.DC.ILR.ReferenceDataService", "ESFA.DC.ILR.ReferenceDataService\ESFA.DC.ILR.ReferenceDataService.sfproj", "{F18178FE-91E1-4021-8E41-B9A8A289A476}"
EndProject
Project("{9A19103F-16F7-4668-BE54-9A1E7A4F7556}") = "ESFA.DC.ILR.ReferenceDataService.Service", "ESFA.DC.ILR.ReferenceDataService.Service\ESFA.DC.ILR.ReferenceDataService.Service.csproj", "{522D563B-9412-4748-B7CE-21CAD291331E}"
EndProject
Project("{FAE04EC0-301F-11D3-BF4B-00C04F79EFBC}") = "ESFA.DC.ILR.ReferenceDataService.Service.Tests", "ESFA.DC.ILR.ReferenceDataService.Service.Tests\ESFA.DC.ILR.ReferenceDataService.Service.Tests.csproj", "{318047DE-08BC-41B4-A6FC-50322474E967}"
EndProject
Project("{2150E333-8FDC-42A3-9474-1A3956D46DE8}") = "IlrReferenceData", "IlrReferenceData", "{6BBCFDDE-15F3-445E-A280-784319CA7BF4}"
EndProject
Project("{9A19103F-16F7-4668-BE54-9A1E7A4F7556}") = "ESFA.DC.ILR.ReferenceDataService.ILRReferenceData.Model", "IlrReferenceData\ESFA.DC.ILR.ReferenceDataService.ILRReferenceData.Model\ESFA.DC.ILR.ReferenceDataService.ILRReferenceData.Model.csproj", "{5A3DF297-5D1E-4AB6-A5D0-38064DCF3283}"
EndProject
Project("{9A19103F-16F7-4668-BE54-9A1E7A4F7556}") = "ESFA.DC.ILR.ReferenceDataService.ILRReferenceData.EF.Console", "IlrReferenceData\ESFA.DC.ILR.ReferenceDataService.ILRReferenceData.EF.Console\ESFA.DC.ILR.ReferenceDataService.ILRReferenceData.EF.Console.csproj", "{BB10E2A7-6D45-47D6-BA23-48F1369AFDAE}"
EndProject
Project("{00D1A9C2-B5F0-4AF3-8072-F6C62B433612}") = "ESFA.DC.ILR.ReferenceDataService.ILRReferenceData.Database", "IlrReferenceData\ESFA.DC.ILR.ReferenceDataService.ILRReferenceData.Database\ESFA.DC.ILR.ReferenceDataService.ILRReferenceData.Database.sqlproj", "{E439F666-C670-4EF5-A2FC-EC171CF56230}"
EndProject
Project("{2150E333-8FDC-42A3-9474-1A3956D46DE8}") = "Solution Items", "Solution Items", "{BB4BA203-F938-4ECC-B0AB-F93423C7F075}"
	ProjectSection(SolutionItems) = preProject
		..\azure-pipelines.yml = ..\azure-pipelines.yml
	EndProjectSection
EndProject
Project("{FAE04EC0-301F-11D3-BF4B-00C04F79EFBC}") = "ESFA.DC.ILR.ReferenceDataService.Stateless", "ESFA.DC.ILR.ReferenceDataService.Stateless\ESFA.DC.ILR.ReferenceDataService.Stateless.csproj", "{F826ACA7-B907-4F21-8495-C781E01BA0D7}"
EndProject
Project("{9A19103F-16F7-4668-BE54-9A1E7A4F7556}") = "ESFA.DC.ILR.ReferenceDataService.Providers", "ESFA.DC.ILR.ReferenceDataService.Providers\ESFA.DC.ILR.ReferenceDataService.Providers.csproj", "{4127C037-0DE3-408C-9D62-F9FFB3FA0540}"
EndProject
Project("{FAE04EC0-301F-11D3-BF4B-00C04F79EFBC}") = "ESFA.DC.ILR.ReferenceDataService.Providers.Tests", "ESFA.DC.ILR.ReferenceDataService.Providers.Tests\ESFA.DC.ILR.ReferenceDataService.Providers.Tests.csproj", "{A3B2785C-A70B-4230-BCAA-FD0D5785D68D}"
EndProject
Project("{9A19103F-16F7-4668-BE54-9A1E7A4F7556}") = "ESFA.DC.ILR.ReferenceDataService.Desktop", "ESFA.DC.ILR.ReferenceDataService.Desktop\ESFA.DC.ILR.ReferenceDataService.Desktop.csproj", "{128D4C22-7CCA-4508-BB11-6703143B9E7D}"
EndProject
Project("{FAE04EC0-301F-11D3-BF4B-00C04F79EFBC}") = "ESFA.DC.ILR.ReferenceDataService.Desktop.Tests", "ESFA.DC.ILR.ReferenceDataService.Desktop.Tests\ESFA.DC.ILR.ReferenceDataService.Desktop.Tests.csproj", "{12009A60-BE9D-411D-ACC7-615E1AC38328}"
EndProject
Global
	GlobalSection(SolutionConfigurationPlatforms) = preSolution
		Debug|Any CPU = Debug|Any CPU
		Debug|x64 = Debug|x64
		Release|Any CPU = Release|Any CPU
		Release|x64 = Release|x64
	EndGlobalSection
	GlobalSection(ProjectConfigurationPlatforms) = postSolution
		{B4E84ADC-C04F-4EF8-98A2-5ADDBF1FEEF1}.Debug|Any CPU.ActiveCfg = Debug|Any CPU
		{B4E84ADC-C04F-4EF8-98A2-5ADDBF1FEEF1}.Debug|Any CPU.Build.0 = Debug|Any CPU
		{B4E84ADC-C04F-4EF8-98A2-5ADDBF1FEEF1}.Debug|x64.ActiveCfg = Debug|Any CPU
		{B4E84ADC-C04F-4EF8-98A2-5ADDBF1FEEF1}.Debug|x64.Build.0 = Debug|Any CPU
		{B4E84ADC-C04F-4EF8-98A2-5ADDBF1FEEF1}.Release|Any CPU.ActiveCfg = Release|Any CPU
		{B4E84ADC-C04F-4EF8-98A2-5ADDBF1FEEF1}.Release|Any CPU.Build.0 = Release|Any CPU
		{B4E84ADC-C04F-4EF8-98A2-5ADDBF1FEEF1}.Release|x64.ActiveCfg = Release|Any CPU
		{B4E84ADC-C04F-4EF8-98A2-5ADDBF1FEEF1}.Release|x64.Build.0 = Release|Any CPU
		{FD34401D-E3BB-4954-B4AE-CAF41EE82882}.Debug|Any CPU.ActiveCfg = Debug|Any CPU
		{FD34401D-E3BB-4954-B4AE-CAF41EE82882}.Debug|Any CPU.Build.0 = Debug|Any CPU
		{FD34401D-E3BB-4954-B4AE-CAF41EE82882}.Debug|x64.ActiveCfg = Debug|Any CPU
		{FD34401D-E3BB-4954-B4AE-CAF41EE82882}.Debug|x64.Build.0 = Debug|Any CPU
		{FD34401D-E3BB-4954-B4AE-CAF41EE82882}.Release|Any CPU.ActiveCfg = Release|Any CPU
		{FD34401D-E3BB-4954-B4AE-CAF41EE82882}.Release|Any CPU.Build.0 = Release|Any CPU
		{FD34401D-E3BB-4954-B4AE-CAF41EE82882}.Release|x64.ActiveCfg = Release|Any CPU
		{FD34401D-E3BB-4954-B4AE-CAF41EE82882}.Release|x64.Build.0 = Release|Any CPU
		{19CAC6C4-4FA1-4ACA-AFD0-9668339AA5FE}.Debug|Any CPU.ActiveCfg = Debug|Any CPU
		{19CAC6C4-4FA1-4ACA-AFD0-9668339AA5FE}.Debug|Any CPU.Build.0 = Debug|Any CPU
		{19CAC6C4-4FA1-4ACA-AFD0-9668339AA5FE}.Debug|x64.ActiveCfg = Debug|Any CPU
		{19CAC6C4-4FA1-4ACA-AFD0-9668339AA5FE}.Debug|x64.Build.0 = Debug|Any CPU
		{19CAC6C4-4FA1-4ACA-AFD0-9668339AA5FE}.Release|Any CPU.ActiveCfg = Release|Any CPU
		{19CAC6C4-4FA1-4ACA-AFD0-9668339AA5FE}.Release|Any CPU.Build.0 = Release|Any CPU
		{19CAC6C4-4FA1-4ACA-AFD0-9668339AA5FE}.Release|x64.ActiveCfg = Release|Any CPU
		{19CAC6C4-4FA1-4ACA-AFD0-9668339AA5FE}.Release|x64.Build.0 = Release|Any CPU
		{48FD3F5C-A492-405B-A5BE-6FFC236A0EF0}.Debug|Any CPU.ActiveCfg = Debug|Any CPU
		{48FD3F5C-A492-405B-A5BE-6FFC236A0EF0}.Debug|Any CPU.Build.0 = Debug|Any CPU
		{48FD3F5C-A492-405B-A5BE-6FFC236A0EF0}.Debug|x64.ActiveCfg = Debug|Any CPU
		{48FD3F5C-A492-405B-A5BE-6FFC236A0EF0}.Debug|x64.Build.0 = Debug|Any CPU
		{48FD3F5C-A492-405B-A5BE-6FFC236A0EF0}.Release|Any CPU.ActiveCfg = Release|Any CPU
		{48FD3F5C-A492-405B-A5BE-6FFC236A0EF0}.Release|Any CPU.Build.0 = Release|Any CPU
		{48FD3F5C-A492-405B-A5BE-6FFC236A0EF0}.Release|x64.ActiveCfg = Release|Any CPU
		{48FD3F5C-A492-405B-A5BE-6FFC236A0EF0}.Release|x64.Build.0 = Release|Any CPU
		{6991FF63-4C2C-41E1-9909-53CF6BE74CE1}.Debug|Any CPU.ActiveCfg = Debug|Any CPU
		{6991FF63-4C2C-41E1-9909-53CF6BE74CE1}.Debug|Any CPU.Build.0 = Debug|Any CPU
		{6991FF63-4C2C-41E1-9909-53CF6BE74CE1}.Debug|x64.ActiveCfg = Debug|Any CPU
		{6991FF63-4C2C-41E1-9909-53CF6BE74CE1}.Debug|x64.Build.0 = Debug|Any CPU
		{6991FF63-4C2C-41E1-9909-53CF6BE74CE1}.Release|Any CPU.ActiveCfg = Release|Any CPU
		{6991FF63-4C2C-41E1-9909-53CF6BE74CE1}.Release|Any CPU.Build.0 = Release|Any CPU
		{6991FF63-4C2C-41E1-9909-53CF6BE74CE1}.Release|x64.ActiveCfg = Release|Any CPU
		{6991FF63-4C2C-41E1-9909-53CF6BE74CE1}.Release|x64.Build.0 = Release|Any CPU
		{F18178FE-91E1-4021-8E41-B9A8A289A476}.Debug|Any CPU.ActiveCfg = Debug|x64
		{F18178FE-91E1-4021-8E41-B9A8A289A476}.Debug|Any CPU.Build.0 = Debug|x64
		{F18178FE-91E1-4021-8E41-B9A8A289A476}.Debug|Any CPU.Deploy.0 = Debug|x64
		{F18178FE-91E1-4021-8E41-B9A8A289A476}.Debug|x64.ActiveCfg = Debug|x64
		{F18178FE-91E1-4021-8E41-B9A8A289A476}.Debug|x64.Build.0 = Debug|x64
		{F18178FE-91E1-4021-8E41-B9A8A289A476}.Debug|x64.Deploy.0 = Debug|x64
		{F18178FE-91E1-4021-8E41-B9A8A289A476}.Release|Any CPU.ActiveCfg = Release|x64
		{F18178FE-91E1-4021-8E41-B9A8A289A476}.Release|Any CPU.Build.0 = Release|x64
		{F18178FE-91E1-4021-8E41-B9A8A289A476}.Release|x64.ActiveCfg = Release|x64
		{F18178FE-91E1-4021-8E41-B9A8A289A476}.Release|x64.Build.0 = Release|x64
		{F18178FE-91E1-4021-8E41-B9A8A289A476}.Release|x64.Deploy.0 = Release|x64
		{522D563B-9412-4748-B7CE-21CAD291331E}.Debug|Any CPU.ActiveCfg = Debug|Any CPU
		{522D563B-9412-4748-B7CE-21CAD291331E}.Debug|Any CPU.Build.0 = Debug|Any CPU
		{522D563B-9412-4748-B7CE-21CAD291331E}.Debug|x64.ActiveCfg = Debug|Any CPU
		{522D563B-9412-4748-B7CE-21CAD291331E}.Debug|x64.Build.0 = Debug|Any CPU
		{522D563B-9412-4748-B7CE-21CAD291331E}.Release|Any CPU.ActiveCfg = Release|Any CPU
		{522D563B-9412-4748-B7CE-21CAD291331E}.Release|Any CPU.Build.0 = Release|Any CPU
		{522D563B-9412-4748-B7CE-21CAD291331E}.Release|x64.ActiveCfg = Release|Any CPU
		{522D563B-9412-4748-B7CE-21CAD291331E}.Release|x64.Build.0 = Release|Any CPU
		{318047DE-08BC-41B4-A6FC-50322474E967}.Debug|Any CPU.ActiveCfg = Debug|Any CPU
		{318047DE-08BC-41B4-A6FC-50322474E967}.Debug|Any CPU.Build.0 = Debug|Any CPU
		{318047DE-08BC-41B4-A6FC-50322474E967}.Debug|x64.ActiveCfg = Debug|Any CPU
		{318047DE-08BC-41B4-A6FC-50322474E967}.Debug|x64.Build.0 = Debug|Any CPU
		{318047DE-08BC-41B4-A6FC-50322474E967}.Release|Any CPU.ActiveCfg = Release|Any CPU
		{318047DE-08BC-41B4-A6FC-50322474E967}.Release|Any CPU.Build.0 = Release|Any CPU
		{318047DE-08BC-41B4-A6FC-50322474E967}.Release|x64.ActiveCfg = Release|Any CPU
		{318047DE-08BC-41B4-A6FC-50322474E967}.Release|x64.Build.0 = Release|Any CPU
		{5A3DF297-5D1E-4AB6-A5D0-38064DCF3283}.Debug|Any CPU.ActiveCfg = Debug|Any CPU
		{5A3DF297-5D1E-4AB6-A5D0-38064DCF3283}.Debug|Any CPU.Build.0 = Debug|Any CPU
		{5A3DF297-5D1E-4AB6-A5D0-38064DCF3283}.Debug|x64.ActiveCfg = Debug|Any CPU
		{5A3DF297-5D1E-4AB6-A5D0-38064DCF3283}.Debug|x64.Build.0 = Debug|Any CPU
		{5A3DF297-5D1E-4AB6-A5D0-38064DCF3283}.Release|Any CPU.ActiveCfg = Release|Any CPU
		{5A3DF297-5D1E-4AB6-A5D0-38064DCF3283}.Release|Any CPU.Build.0 = Release|Any CPU
		{5A3DF297-5D1E-4AB6-A5D0-38064DCF3283}.Release|x64.ActiveCfg = Release|Any CPU
		{5A3DF297-5D1E-4AB6-A5D0-38064DCF3283}.Release|x64.Build.0 = Release|Any CPU
		{BB10E2A7-6D45-47D6-BA23-48F1369AFDAE}.Debug|Any CPU.ActiveCfg = Debug|Any CPU
		{BB10E2A7-6D45-47D6-BA23-48F1369AFDAE}.Debug|Any CPU.Build.0 = Debug|Any CPU
		{BB10E2A7-6D45-47D6-BA23-48F1369AFDAE}.Debug|x64.ActiveCfg = Debug|Any CPU
		{BB10E2A7-6D45-47D6-BA23-48F1369AFDAE}.Debug|x64.Build.0 = Debug|Any CPU
		{BB10E2A7-6D45-47D6-BA23-48F1369AFDAE}.Release|Any CPU.ActiveCfg = Release|Any CPU
		{BB10E2A7-6D45-47D6-BA23-48F1369AFDAE}.Release|Any CPU.Build.0 = Release|Any CPU
		{BB10E2A7-6D45-47D6-BA23-48F1369AFDAE}.Release|x64.ActiveCfg = Release|Any CPU
		{BB10E2A7-6D45-47D6-BA23-48F1369AFDAE}.Release|x64.Build.0 = Release|Any CPU
		{E439F666-C670-4EF5-A2FC-EC171CF56230}.Debug|Any CPU.ActiveCfg = Debug|Any CPU
		{E439F666-C670-4EF5-A2FC-EC171CF56230}.Debug|Any CPU.Build.0 = Debug|Any CPU
		{E439F666-C670-4EF5-A2FC-EC171CF56230}.Debug|Any CPU.Deploy.0 = Debug|Any CPU
		{E439F666-C670-4EF5-A2FC-EC171CF56230}.Debug|x64.ActiveCfg = Debug|Any CPU
		{E439F666-C670-4EF5-A2FC-EC171CF56230}.Debug|x64.Build.0 = Debug|Any CPU
		{E439F666-C670-4EF5-A2FC-EC171CF56230}.Debug|x64.Deploy.0 = Debug|Any CPU
		{E439F666-C670-4EF5-A2FC-EC171CF56230}.Release|Any CPU.ActiveCfg = Release|Any CPU
		{E439F666-C670-4EF5-A2FC-EC171CF56230}.Release|Any CPU.Build.0 = Release|Any CPU
		{E439F666-C670-4EF5-A2FC-EC171CF56230}.Release|x64.ActiveCfg = Release|Any CPU
		{E439F666-C670-4EF5-A2FC-EC171CF56230}.Release|x64.Build.0 = Release|Any CPU
		{E439F666-C670-4EF5-A2FC-EC171CF56230}.Release|x64.Deploy.0 = Release|Any CPU
		{F826ACA7-B907-4F21-8495-C781E01BA0D7}.Debug|Any CPU.ActiveCfg = Debug|Any CPU
		{F826ACA7-B907-4F21-8495-C781E01BA0D7}.Debug|Any CPU.Build.0 = Debug|Any CPU
		{F826ACA7-B907-4F21-8495-C781E01BA0D7}.Debug|x64.ActiveCfg = Debug|Any CPU
		{F826ACA7-B907-4F21-8495-C781E01BA0D7}.Debug|x64.Build.0 = Debug|Any CPU
		{F826ACA7-B907-4F21-8495-C781E01BA0D7}.Release|Any CPU.ActiveCfg = Release|Any CPU
		{F826ACA7-B907-4F21-8495-C781E01BA0D7}.Release|Any CPU.Build.0 = Release|Any CPU
		{F826ACA7-B907-4F21-8495-C781E01BA0D7}.Release|x64.ActiveCfg = Release|Any CPU
		{F826ACA7-B907-4F21-8495-C781E01BA0D7}.Release|x64.Build.0 = Release|Any CPU
		{4127C037-0DE3-408C-9D62-F9FFB3FA0540}.Debug|Any CPU.ActiveCfg = Debug|Any CPU
		{4127C037-0DE3-408C-9D62-F9FFB3FA0540}.Debug|Any CPU.Build.0 = Debug|Any CPU
		{4127C037-0DE3-408C-9D62-F9FFB3FA0540}.Debug|x64.ActiveCfg = Debug|Any CPU
		{4127C037-0DE3-408C-9D62-F9FFB3FA0540}.Debug|x64.Build.0 = Debug|Any CPU
		{4127C037-0DE3-408C-9D62-F9FFB3FA0540}.Release|Any CPU.ActiveCfg = Release|Any CPU
		{4127C037-0DE3-408C-9D62-F9FFB3FA0540}.Release|Any CPU.Build.0 = Release|Any CPU
		{4127C037-0DE3-408C-9D62-F9FFB3FA0540}.Release|x64.ActiveCfg = Release|Any CPU
		{4127C037-0DE3-408C-9D62-F9FFB3FA0540}.Release|x64.Build.0 = Release|Any CPU
		{A3B2785C-A70B-4230-BCAA-FD0D5785D68D}.Debug|Any CPU.ActiveCfg = Debug|Any CPU
		{A3B2785C-A70B-4230-BCAA-FD0D5785D68D}.Debug|Any CPU.Build.0 = Debug|Any CPU
		{A3B2785C-A70B-4230-BCAA-FD0D5785D68D}.Debug|x64.ActiveCfg = Debug|Any CPU
		{A3B2785C-A70B-4230-BCAA-FD0D5785D68D}.Debug|x64.Build.0 = Debug|Any CPU
		{A3B2785C-A70B-4230-BCAA-FD0D5785D68D}.Release|Any CPU.ActiveCfg = Release|Any CPU
		{A3B2785C-A70B-4230-BCAA-FD0D5785D68D}.Release|Any CPU.Build.0 = Release|Any CPU
		{A3B2785C-A70B-4230-BCAA-FD0D5785D68D}.Release|x64.ActiveCfg = Release|Any CPU
		{A3B2785C-A70B-4230-BCAA-FD0D5785D68D}.Release|x64.Build.0 = Release|Any CPU
		{128D4C22-7CCA-4508-BB11-6703143B9E7D}.Debug|Any CPU.ActiveCfg = Debug|Any CPU
		{128D4C22-7CCA-4508-BB11-6703143B9E7D}.Debug|Any CPU.Build.0 = Debug|Any CPU
		{128D4C22-7CCA-4508-BB11-6703143B9E7D}.Debug|x64.ActiveCfg = Debug|Any CPU
		{128D4C22-7CCA-4508-BB11-6703143B9E7D}.Debug|x64.Build.0 = Debug|Any CPU
		{128D4C22-7CCA-4508-BB11-6703143B9E7D}.Release|Any CPU.ActiveCfg = Release|Any CPU
		{128D4C22-7CCA-4508-BB11-6703143B9E7D}.Release|Any CPU.Build.0 = Release|Any CPU
		{128D4C22-7CCA-4508-BB11-6703143B9E7D}.Release|x64.ActiveCfg = Release|Any CPU
		{128D4C22-7CCA-4508-BB11-6703143B9E7D}.Release|x64.Build.0 = Release|Any CPU
		{12009A60-BE9D-411D-ACC7-615E1AC38328}.Debug|Any CPU.ActiveCfg = Debug|Any CPU
		{12009A60-BE9D-411D-ACC7-615E1AC38328}.Debug|Any CPU.Build.0 = Debug|Any CPU
		{12009A60-BE9D-411D-ACC7-615E1AC38328}.Debug|x64.ActiveCfg = Debug|Any CPU
		{12009A60-BE9D-411D-ACC7-615E1AC38328}.Debug|x64.Build.0 = Debug|Any CPU
		{12009A60-BE9D-411D-ACC7-615E1AC38328}.Release|Any CPU.ActiveCfg = Release|Any CPU
		{12009A60-BE9D-411D-ACC7-615E1AC38328}.Release|Any CPU.Build.0 = Release|Any CPU
		{12009A60-BE9D-411D-ACC7-615E1AC38328}.Release|x64.ActiveCfg = Release|Any CPU
		{12009A60-BE9D-411D-ACC7-615E1AC38328}.Release|x64.Build.0 = Release|Any CPU
	EndGlobalSection
	GlobalSection(SolutionProperties) = preSolution
		HideSolutionNode = FALSE
	EndGlobalSection
	GlobalSection(NestedProjects) = preSolution
		{5A3DF297-5D1E-4AB6-A5D0-38064DCF3283} = {6BBCFDDE-15F3-445E-A280-784319CA7BF4}
		{BB10E2A7-6D45-47D6-BA23-48F1369AFDAE} = {6BBCFDDE-15F3-445E-A280-784319CA7BF4}
		{E439F666-C670-4EF5-A2FC-EC171CF56230} = {6BBCFDDE-15F3-445E-A280-784319CA7BF4}
	EndGlobalSection
	GlobalSection(ExtensibilityGlobals) = postSolution
		SolutionGuid = {74CD047A-0B85-407C-932F-301F676B2182}
	EndGlobalSection
EndGlobal
